{
  "name": "HashMap",
  "lockfileVersion": 2,
  "requires": true,
  "packages": {
    "": {
      "dependencies": {
        "@bkcheung/linked-list": "^1.0.0"
      }
    },
    "node_modules/@bkcheung/linked-list": {
      "version": "1.0.0",
      "resolved": "https://registry.npmjs.org/@bkcheung/linked-list/-/linked-list-1.0.0.tgz",
      "integrity": "sha512-GHzjzkCDojVkozutvLwG8Kq63EofH5Z7iwMls9y38+YCPRH52yx5ddC1FAfQOoOpkfSkO0IRNuFRdWdEC6QdHg=="
    }
  },
  "dependencies": {
    "@bkcheung/linked-list": {
      "version": "1.0.0",
      "resolved": "https://registry.npmjs.org/@bkcheung/linked-list/-/linked-list-1.0.0.tgz",
      "integrity": "sha512-GHzjzkCDojVkozutvLwG8Kq63EofH5Z7iwMls9y38+YCPRH52yx5ddC1FAfQOoOpkfSkO0IRNuFRdWdEC6QdHg=="
    }
  }
}
